
Microsoft Visual Studio Solution File, Format Version 12.00
# Visual Studio 15
VisualStudioVersion = 15.0.27703.2000
MinimumVisualStudioVersion = 10.0.40219.1
Project("{FAE04EC0-301F-11D3-BF4B-00C04F79EFBC}") = "m1101", "m1101\m1101\m1101.csproj", "{4FD6DBD2-7F74-4D9A-A0B7-DDE95895D109}"
EndProject
Project("{FAE04EC0-301F-11D3-BF4B-00C04F79EFBC}") = "m1101.Test", "m1101\m1101.Test\m1101.Test.csproj", "{32231E30-7CAF-496E-8DF9-8C5291A1E698}"
EndProject
Project("{FAE04EC0-301F-11D3-BF4B-00C04F79EFBC}") = "m1101.Vsix", "m1101\m1101.Vsix\m1101.Vsix.csproj", "{69A89C6D-F425-4B7B-BD89-39BE7C7E7E71}"
EndProject
Global
	GlobalSection(SolutionConfigurationPlatforms) = preSolution
		Debug|Any CPU = Debug|Any CPU
		Release|Any CPU = Release|Any CPU
	EndGlobalSection
	GlobalSection(ProjectConfigurationPlatforms) = postSolution
		{4FD6DBD2-7F74-4D9A-A0B7-DDE95895D109}.Debug|Any CPU.ActiveCfg = Debug|Any CPU
		{4FD6DBD2-7F74-4D9A-A0B7-DDE95895D109}.Debug|Any CPU.Build.0 = Debug|Any CPU
		{4FD6DBD2-7F74-4D9A-A0B7-DDE95895D109}.Release|Any CPU.ActiveCfg = Release|Any CPU
		{4FD6DBD2-7F74-4D9A-A0B7-DDE95895D109}.Release|Any CPU.Build.0 = Release|Any CPU
		{32231E30-7CAF-496E-8DF9-8C5291A1E698}.Debug|Any CPU.ActiveCfg = Debug|Any CPU
		{32231E30-7CAF-496E-8DF9-8C5291A1E698}.Debug|Any CPU.Build.0 = Debug|Any CPU
		{32231E30-7CAF-496E-8DF9-8C5291A1E698}.Release|Any CPU.ActiveCfg = Release|Any CPU
		{32231E30-7CAF-496E-8DF9-8C5291A1E698}.Release|Any CPU.Build.0 = Release|Any CPU
		{69A89C6D-F425-4B7B-BD89-39BE7C7E7E71}.Debug|Any CPU.ActiveCfg = Debug|Any CPU
		{69A89C6D-F425-4B7B-BD89-39BE7C7E7E71}.Debug|Any CPU.Build.0 = Debug|Any CPU
		{69A89C6D-F425-4B7B-BD89-39BE7C7E7E71}.Release|Any CPU.ActiveCfg = Release|Any CPU
		{69A89C6D-F425-4B7B-BD89-39BE7C7E7E71}.Release|Any CPU.Build.0 = Release|Any CPU
	EndGlobalSection
	GlobalSection(SolutionProperties) = preSolution
		HideSolutionNode = FALSE
	EndGlobalSection
	GlobalSection(ExtensibilityGlobals) = postSolution
		SolutionGuid = {F730F3E3-9375-491D-B4AE-22732B4742B5}
	EndGlobalSection
EndGlobal
